// !$*UTF8*$!
{
	archiveVersion = 1;
	classes = {
	};
	objectVersion = 56;
	objects = {

/* Begin PBXBuildFile section */
		8E0F522729A653E20008D6DE /* AppDelegate.swift in Sources */ = {isa = PBXBuildFile; fileRef = 8E0F522629A653E20008D6DE /* AppDelegate.swift */; };
		8E0F522929A653E20008D6DE /* SceneDelegate.swift in Sources */ = {isa = PBXBuildFile; fileRef = 8E0F522829A653E20008D6DE /* SceneDelegate.swift */; };
		8E0F522B29A653E20008D6DE /* ViewController.swift in Sources */ = {isa = PBXBuildFile; fileRef = 8E0F522A29A653E20008D6DE /* ViewController.swift */; };
		8E0F522E29A653E20008D6DE /* Main.storyboard in Resources */ = {isa = PBXBuildFile; fileRef = 8E0F522C29A653E20008D6DE /* Main.storyboard */; };
		8E0F523029A653E30008D6DE /* Assets.xcassets in Resources */ = {isa = PBXBuildFile; fileRef = 8E0F522F29A653E30008D6DE /* Assets.xcassets */; };
		8E0F523329A653E30008D6DE /* LaunchScreen.storyboard in Resources */ = {isa = PBXBuildFile; fileRef = 8E0F523129A653E30008D6DE /* LaunchScreen.storyboard */; };
		8E69A32D29A6673E00166289 /* ViewController + .swift in Sources */ = {isa = PBXBuildFile; fileRef = 8E69A32C29A6673E00166289 /* ViewController + .swift */; };
		8E69A32F29A77E4000166289 /* NetworkWeatherManager.swift in Sources */ = {isa = PBXBuildFile; fileRef = 8E69A32E29A77E4000166289 /* NetworkWeatherManager.swift */; };
		8E69A33129A77F0700166289 /* Const.swift in Sources */ = {isa = PBXBuildFile; fileRef = 8E69A33029A77F0700166289 /* Const.swift */; };
		8E69A33329A79E4D00166289 /* CurrentWeatherData.swift in Sources */ = {isa = PBXBuildFile; fileRef = 8E69A33229A79E4D00166289 /* CurrentWeatherData.swift */; };
		8E69A33529A7A60F00166289 /* CurrentWeather.swift in Sources */ = {isa = PBXBuildFile; fileRef = 8E69A33429A7A60F00166289 /* CurrentWeather.swift */; };
/* End PBXBuildFile section */

/* Begin PBXFileReference section */
		8E0F522329A653E20008D6DE /* weatherApp.app */ = {isa = PBXFileReference; explicitFileType = wrapper.application; includeInIndex = 0; path = weatherApp.app; sourceTree = BUILT_PRODUCTS_DIR; };
		8E0F522629A653E20008D6DE /* AppDelegate.swift */ = {isa = PBXFileReference; lastKnownFileType = sourcecode.swift; path = AppDelegate.swift; sourceTree = "<group>"; };
		8E0F522829A653E20008D6DE /* SceneDelegate.swift */ = {isa = PBXFileReference; lastKnownFileType = sourcecode.swift; path = SceneDelegate.swift; sourceTree = "<group>"; };
		8E0F522A29A653E20008D6DE /* ViewController.swift */ = {isa = PBXFileReference; lastKnownFileType = sourcecode.swift; path = ViewController.swift; sourceTree = "<group>"; };
		8E0F522D29A653E20008D6DE /* Base */ = {isa = PBXFileReference; lastKnownFileType = file.storyboard; name = Base; path = Base.lproj/Main.storyboard; sourceTree = "<group>"; };
		8E0F522F29A653E30008D6DE /* Assets.xcassets */ = {isa = PBXFileReference; lastKnownFileType = folder.assetcatalog; path = Assets.xcassets; sourceTree = "<group>"; };
		8E0F523229A653E30008D6DE /* Base */ = {isa = PBXFileReference; lastKnownFileType = file.storyboard; name = Base; path = Base.lproj/LaunchScreen.storyboard; sourceTree = "<group>"; };
		8E0F523429A653E30008D6DE /* Info.plist */ = {isa = PBXFileReference; lastKnownFileType = text.plist.xml; path = Info.plist; sourceTree = "<group>"; };
		8E69A32C29A6673E00166289 /* ViewController + .swift */ = {isa = PBXFileReference; lastKnownFileType = sourcecode.swift; path = "ViewController + .swift"; sourceTree = "<group>"; };
		8E69A32E29A77E4000166289 /* NetworkWeatherManager.swift */ = {isa = PBXFileReference; lastKnownFileType = sourcecode.swift; path = NetworkWeatherManager.swift; sourceTree = "<group>"; };
		8E69A33029A77F0700166289 /* Const.swift */ = {isa = PBXFileReference; lastKnownFileType = sourcecode.swift; path = Const.swift; sourceTree = "<group>"; };
		8E69A33229A79E4D00166289 /* CurrentWeatherData.swift */ = {isa = PBXFileReference; lastKnownFileType = sourcecode.swift; path = CurrentWeatherData.swift; sourceTree = "<group>"; };
		8E69A33429A7A60F00166289 /* CurrentWeather.swift */ = {isa = PBXFileReference; lastKnownFileType = sourcecode.swift; path = CurrentWeather.swift; sourceTree = "<group>"; };
/* End PBXFileReference section */

/* Begin PBXFrameworksBuildPhase section */
		8E0F522029A653E20008D6DE /* Frameworks */ = {
			isa = PBXFrameworksBuildPhase;
			buildActionMask = 2147483647;
			files = (
			);
			runOnlyForDeploymentPostprocessing = 0;
		};
/* End PBXFrameworksBuildPhase section */

/* Begin PBXGroup section */
		8E0F521A29A653E20008D6DE = {
			isa = PBXGroup;
			children = (
				8E0F522529A653E20008D6DE /* weatherApp */,
				8E0F522429A653E20008D6DE /* Products */,
			);
			sourceTree = "<group>";
		};
		8E0F522429A653E20008D6DE /* Products */ = {
			isa = PBXGroup;
			children = (
				8E0F522329A653E20008D6DE /* weatherApp.app */,
			);
			name = Products;
			sourceTree = "<group>";
		};
		8E0F522529A653E20008D6DE /* weatherApp */ = {
			isa = PBXGroup;
			children = (
				8E69A32B29A6672800166289 /* Extansion */,
				8EE1859129A66054001E1B09 /* Model */,
				8EE1858F29A66028001E1B09 /* Controller */,
				8EE1858E29A6601B001E1B09 /* View */,
				8E0F522F29A653E30008D6DE /* Assets.xcassets */,
				8EE1858D29A65FD8001E1B09 /* Sup */,
			);
			path = weatherApp;
			sourceTree = "<group>";
		};
		8E69A32B29A6672800166289 /* Extansion */ = {
			isa = PBXGroup;
			children = (
				8E69A32C29A6673E00166289 /* ViewController + .swift */,
			);
			path = Extansion;
			sourceTree = "<group>";
		};
		8EE1858D29A65FD8001E1B09 /* Sup */ = {
			isa = PBXGroup;
			children = (
				8E0F523429A653E30008D6DE /* Info.plist */,
				8E0F522829A653E20008D6DE /* SceneDelegate.swift */,
				8E0F522629A653E20008D6DE /* AppDelegate.swift */,
				8E0F523129A653E30008D6DE /* LaunchScreen.storyboard */,
				8E69A33029A77F0700166289 /* Const.swift */,
			);
			path = Sup;
			sourceTree = "<group>";
		};
		8EE1858E29A6601B001E1B09 /* View */ = {
			isa = PBXGroup;
			children = (
				8E0F522C29A653E20008D6DE /* Main.storyboard */,
			);
			path = View;
			sourceTree = "<group>";
		};
		8EE1858F29A66028001E1B09 /* Controller */ = {
			isa = PBXGroup;
			children = (
				8E0F522A29A653E20008D6DE /* ViewController.swift */,
			);
			path = Controller;
			sourceTree = "<group>";
		};
		8EE1859129A66054001E1B09 /* Model */ = {
			isa = PBXGroup;
			children = (
				8E69A32E29A77E4000166289 /* NetworkWeatherManager.swift */,
				8E69A33229A79E4D00166289 /* CurrentWeatherData.swift */,
				8E69A33429A7A60F00166289 /* CurrentWeather.swift */,
			);
			path = Model;
			sourceTree = "<group>";
		};
/* End PBXGroup section */

/* Begin PBXNativeTarget section */
		8E0F522229A653E20008D6DE /* weatherApp */ = {
			isa = PBXNativeTarget;
			buildConfigurationList = 8E0F523729A653E30008D6DE /* Build configuration list for PBXNativeTarget "weatherApp" */;
			buildPhases = (
				8E0F521F29A653E20008D6DE /* Sources */,
				8E0F522029A653E20008D6DE /* Frameworks */,
				8E0F522129A653E20008D6DE /* Resources */,
			);
			buildRules = (
			);
			dependencies = (
			);
			name = weatherApp;
			productName = weatherApp;
			productReference = 8E0F522329A653E20008D6DE /* weatherApp.app */;
			productType = "com.apple.product-type.application";
		};
/* End PBXNativeTarget section */

/* Begin PBXProject section */
		8E0F521B29A653E20008D6DE /* Project object */ = {
			isa = PBXProject;
			attributes = {
				BuildIndependentTargetsInParallel = 1;
				LastSwiftUpdateCheck = 1420;
				LastUpgradeCheck = 1420;
				TargetAttributes = {
					8E0F522229A653E20008D6DE = {
						CreatedOnToolsVersion = 14.2;
					};
				};
			};
			buildConfigurationList = 8E0F521E29A653E20008D6DE /* Build configuration list for PBXProject "weatherApp" */;
			compatibilityVersion = "Xcode 14.0";
			developmentRegion = en;
			hasScannedForEncodings = 0;
			knownRegions = (
				en,
				Base,
			);
			mainGroup = 8E0F521A29A653E20008D6DE;
			productRefGroup = 8E0F522429A653E20008D6DE /* Products */;
			projectDirPath = "";
			projectRoot = "";
			targets = (
				8E0F522229A653E20008D6DE /* weatherApp */,
			);
		};
/* End PBXProject section */

/* Begin PBXResourcesBuildPhase section */
		8E0F522129A653E20008D6DE /* Resources */ = {
			isa = PBXResourcesBuildPhase;
			buildActionMask = 2147483647;
			files = (
				8E0F523329A653E30008D6DE /* LaunchScreen.storyboard in Resources */,
				8E0F523029A653E30008D6DE /* Assets.xcassets in Resources */,
				8E0F522E29A653E20008D6DE /* Main.storyboard in Resources */,
			);
			runOnlyForDeploymentPostprocessing = 0;
		};
/* End PBXResourcesBuildPhase section */

/* Begin PBXSourcesBuildPhase section */
		8E0F521F29A653E20008D6DE /* Sources */ = {
			isa = PBXSourcesBuildPhase;
			buildActionMask = 2147483647;
			files = (
				8E0F522B29A653E20008D6DE /* ViewController.swift in Sources */,
				8E0F522729A653E20008D6DE /* AppDelegate.swift in Sources */,
				8E69A33529A7A60F00166289 /* CurrentWeather.swift in Sources */,
				8E69A32F29A77E4000166289 /* NetworkWeatherManager.swift in Sources */,
				8E69A32D29A6673E00166289 /* ViewController + .swift in Sources */,
				8E0F522929A653E20008D6DE /* SceneDelegate.swift in Sources */,
				8E69A33329A79E4D00166289 /* CurrentWeatherData.swift in Sources */,
				8E69A33129A77F0700166289 /* Const.swift in Sources */,
			);
			runOnlyForDeploymentPostprocessing = 0;
		};
/* End PBXSourcesBuildPhase section */

/* Begin PBXVariantGroup section */
		8E0F522C29A653E20008D6DE /* Main.storyboard */ = {
			isa = PBXVariantGroup;
			children = (
				8E0F522D29A653E20008D6DE /* Base */,
			);
			name = Main.storyboard;
			sourceTree = "<group>";
		};
		8E0F523129A653E30008D6DE /* LaunchScreen.storyboard */ = {
			isa = PBXVariantGroup;
			children = (
				8E0F523229A653E30008D6DE /* Base */,
			);
			name = LaunchScreen.storyboard;
			sourceTree = "<group>";
		};
/* End PBXVariantGroup section */

/* Begin XCBuildConfiguration section */
		8E0F523529A653E30008D6DE /* Debug */ = {
			isa = XCBuildConfiguration;
			buildSettings = {
				ALWAYS_SEARCH_USER_PATHS = NO;
				CLANG_ANALYZER_NONNULL = YES;
				CLANG_ANALYZER_NUMBER_OBJECT_CONVERSION = YES_AGGRESSIVE;
				CLANG_CXX_LANGUAGE_STANDARD = "gnu++20";
				CLANG_ENABLE_MODULES = YES;
				CLANG_ENABLE_OBJC_ARC = YES;
				CLANG_ENABLE_OBJC_WEAK = YES;
				CLANG_WARN_BLOCK_CAPTURE_AUTORELEASING = YES;
				CLANG_WARN_BOOL_CONVERSION = YES;
				CLANG_WARN_COMMA = YES;
				CLANG_WARN_CONSTANT_CONVERSION = YES;
				CLANG_WARN_DEPRECATED_OBJC_IMPLEMENTATIONS = YES;
				CLANG_WARN_DIRECT_OBJC_ISA_USAGE = YES_ERROR;
				CLANG_WARN_DOCUMENTATION_COMMENTS = YES;
				CLANG_WARN_EMPTY_BODY = YES;
				CLANG_WARN_ENUM_CONVERSION = YES;
				CLANG_WARN_INFINITE_RECURSION = YES;
				CLANG_WARN_INT_CONVERSION = YES;
				CLANG_WARN_NON_LITERAL_NULL_CONVERSION = YES;
				CLANG_WARN_OBJC_IMPLICIT_RETAIN_SELF = YES;
				CLANG_WARN_OBJC_LITERAL_CONVERSION = YES;
				CLANG_WARN_OBJC_ROOT_CLASS = YES_ERROR;
				CLANG_WARN_QUOTED_INCLUDE_IN_FRAMEWORK_HEADER = YES;
				CLANG_WARN_RANGE_LOOP_ANALYSIS = YES;
				CLANG_WARN_STRICT_PROTOTYPES = YES;
				CLANG_WARN_SUSPICIOUS_MOVE = YES;
				CLANG_WARN_UNGUARDED_AVAILABILITY = YES_AGGRESSIVE;
				CLANG_WARN_UNREACHABLE_CODE = YES;
				CLANG_WARN__DUPLICATE_METHOD_MATCH = YES;
				COPY_PHASE_STRIP = NO;
				DEBUG_INFORMATION_FORMAT = dwarf;
				ENABLE_STRICT_OBJC_MSGSEND = YES;
				ENABLE_TESTABILITY = YES;
				GCC_C_LANGUAGE_STANDARD = gnu11;
				GCC_DYNAMIC_NO_PIC = NO;
				GCC_NO_COMMON_BLOCKS = YES;
				GCC_OPTIMIZATION_LEVEL = 0;
				GCC_PREPROCESSOR_DEFINITIONS = (
					"DEBUG=1",
					"$(inherited)",
				);
				GCC_WARN_64_TO_32_BIT_CONVERSION = YES;
				GCC_WARN_ABOUT_RETURN_TYPE = YES_ERROR;
				GCC_WARN_UNDECLARED_SELECTOR = YES;
				GCC_WARN_UNINITIALIZED_AUTOS = YES_AGGRESSIVE;
				GCC_WARN_UNUSED_FUNCTION = YES;
				GCC_WARN_UNUSED_VARIABLE = YES;
				IPHONEOS_DEPLOYMENT_TARGET = 16.2;
				MTL_ENABLE_DEBUG_INFO = INCLUDE_SOURCE;
				MTL_FAST_MATH = YES;
				ONLY_ACTIVE_ARCH = YES;
				SDKROOT = iphoneos;
				SWIFT_ACTIVE_COMPILATION_CONDITIONS = DEBUG;
				SWIFT_OPTIMIZATION_LEVEL = "-Onone";
			};
			name = Debug;
		};
		8E0F523629A653E30008D6DE /* Release */ = {
			isa = XCBuildConfiguration;
			buildSettings = {
				ALWAYS_SEARCH_USER_PATHS = NO;
				CLANG_ANALYZER_NONNULL = YES;
				CLANG_ANALYZER_NUMBER_OBJECT_CONVERSION = YES_AGGRESSIVE;
				CLANG_CXX_LANGUAGE_STANDARD = "gnu++20";
				CLANG_ENABLE_MODULES = YES;
				CLANG_ENABLE_OBJC_ARC = YES;
				CLANG_ENABLE_OBJC_WEAK = YES;
				CLANG_WARN_BLOCK_CAPTURE_AUTORELEASING = YES;
				CLANG_WARN_BOOL_CONVERSION = YES;
				CLANG_WARN_COMMA = YES;
				CLANG_WARN_CONSTANT_CONVERSION = YES;
				CLANG_WARN_DEPRECATED_OBJC_IMPLEMENTATIONS = YES;
				CLANG_WARN_DIRECT_OBJC_ISA_USAGE = YES_ERROR;
				CLANG_WARN_DOCUMENTATION_COMMENTS = YES;
				CLANG_WARN_EMPTY_BODY = YES;
				CLANG_WARN_ENUM_CONVERSION = YES;
				CLANG_WARN_INFINITE_RECURSION = YES;
				CLANG_WARN_INT_CONVERSION = YES;
				CLANG_WARN_NON_LITERAL_NULL_CONVERSION = YES;
				CLANG_WARN_OBJC_IMPLICIT_RETAIN_SELF = YES;
				CLANG_WARN_OBJC_LITERAL_CONVERSION = YES;
				CLANG_WARN_OBJC_ROOT_CLASS = YES_ERROR;
				CLANG_WARN_QUOTED_INCLUDE_IN_FRAMEWORK_HEADER = YES;
				CLANG_WARN_RANGE_LOOP_ANALYSIS = YES;
				CLANG_WARN_STRICT_PROTOTYPES = YES;
				CLANG_WARN_SUSPICIOUS_MOVE = YES;
				CLANG_WARN_UNGUARDED_AVAILABILITY = YES_AGGRESSIVE;
				CLANG_WARN_UNREACHABLE_CODE = YES;
				CLANG_WARN__DUPLICATE_METHOD_MATCH = YES;
				COPY_PHASE_STRIP = NO;
				DEBUG_INFORMATION_FORMAT = "dwarf-with-dsym";
				ENABLE_NS_ASSERTIONS = NO;
				ENABLE_STRICT_OBJC_MSGSEND = YES;
				GCC_C_LANGUAGE_STANDARD = gnu11;
				GCC_NO_COMMON_BLOCKS = YES;
				GCC_WARN_64_TO_32_BIT_CONVERSION = YES;
				GCC_WARN_ABOUT_RETURN_TYPE = YES_ERROR;
				GCC_WARN_UNDECLARED_SELECTOR = YES;
				GCC_WARN_UNINITIALIZED_AUTOS = YES_AGGRESSIVE;
				GCC_WARN_UNUSED_FUNCTION = YES;
				GCC_WARN_UNUSED_VARIABLE = YES;
				IPHONEOS_DEPLOYMENT_TARGET = 16.2;
				MTL_ENABLE_DEBUG_INFO = NO;
				MTL_FAST_MATH = YES;
				SDKROOT = iphoneos;
				SWIFT_COMPILATION_MODE = wholemodule;
				SWIFT_OPTIMIZATION_LEVEL = "-O";
				VALIDATE_PRODUCT = YES;
			};
			name = Release;
		};
		8E0F523829A653E30008D6DE /* Debug */ = {
			isa = XCBuildConfiguration;
			buildSettings = {
				ASSETCATALOG_COMPILER_APPICON_NAME = AppIcon;
				ASSETCATALOG_COMPILER_GLOBAL_ACCENT_COLOR_NAME = AccentColor;
				CODE_SIGN_STYLE = Automatic;
				CURRENT_PROJECT_VERSION = 1;
				DEVELOPMENT_TEAM = W684MYJ82F;
				GENERATE_INFOPLIST_FILE = YES;
				INFOPLIST_FILE = weatherApp/Sup/Info.plist;
				INFOPLIST_KEY_UIApplicationSupportsIndirectInputEvents = YES;
				INFOPLIST_KEY_UILaunchStoryboardName = LaunchScreen;
				INFOPLIST_KEY_UIMainStoryboardFile = Main;
				INFOPLIST_KEY_UISupportedInterfaceOrientations_iPad = "UIInterfaceOrientationPortrait UIInterfaceOrientationPortraitUpsideDown UIInterfaceOrientationLandscapeLeft UIInterfaceOrientationLandscapeRight";
				INFOPLIST_KEY_UISupportedInterfaceOrientations_iPhone = "UIInterfaceOrientationPortrait UIInterfaceOrientationLandscapeLeft UIInterfaceOrientationLandscapeRight";
				IPHONEOS_DEPLOYMENT_TARGET = 14.0;
				LD_RUNPATH_SEARCH_PATHS = (
					"$(inherited)",
					"@executable_path/Frameworks",
				);
				MARKETING_VERSION = 1.0;
				PRODUCT_BUNDLE_IDENTIFIER = R.weatherApp;
				PRODUCT_NAME = "$(TARGET_NAME)";
				SUPPORTED_PLATFORMS = "iphoneos iphonesimulator";
				SUPPORTS_MACCATALYST = NO;
				SUPPORTS_MAC_DESIGNED_FOR_IPHONE_IPAD = NO;
				SWIFT_EMIT_LOC_STRINGS = YES;
				SWIFT_VERSION = 5.0;
				TARGETED_DEVICE_FAMILY = 1;
			};
			name = Debug;
		};
		8E0F523929A653E30008D6DE /* Release */ = {
			isa = XCBuildConfiguration;
			buildSettings = {
				ASSETCATALOG_COMPILER_APPICON_NAME = AppIcon;
				ASSETCATALOG_COMPILER_GLOBAL_ACCENT_COLOR_NAME = AccentColor;
				CODE_SIGN_STYLE = Automatic;
				CURRENT_PROJECT_VERSION = 1;
				DEVELOPMENT_TEAM = W684MYJ82F;
				GENERATE_INFOPLIST_FILE = YES;
				INFOPLIST_FILE = weatherApp/Sup/Info.plist;
				INFOPLIST_KEY_UIApplicationSupportsIndirectInputEvents = YES;
				INFOPLIST_KEY_UILaunchStoryboardName = LaunchScreen;
				INFOPLIST_KEY_UIMainStoryboardFile = Main;
				INFOPLIST_KEY_UISupportedInterfaceOrientations_iPad = "UIInterfaceOrientationPortrait UIInterfaceOrientationPortraitUpsideDown UIInterfaceOrientationLandscapeLeft UIInterfaceOrientationLandscapeRight";
				INFOPLIST_KEY_UISupportedInterfaceOrientations_iPhone = "UIInterfaceOrientationPortrait UIInterfaceOrientationLandscapeLeft UIInterfaceOrientationLandscapeRight";
				IPHONEOS_DEPLOYMENT_TARGET = 14.0;
				LD_RUNPATH_SEARCH_PATHS = (
					"$(inherited)",
					"@executable_path/Frameworks",
				);
				MARKETING_VERSION = 1.0;
				PRODUCT_BUNDLE_IDENTIFIER = R.weatherApp;
				PRODUCT_NAME = "$(TARGET_NAME)";
				SUPPORTED_PLATFORMS = "iphoneos iphonesimulator";
				SUPPORTS_MACCATALYST = NO;
				SUPPORTS_MAC_DESIGNED_FOR_IPHONE_IPAD = NO;
				SWIFT_EMIT_LOC_STRINGS = YES;
				SWIFT_VERSION = 5.0;
				TARGETED_DEVICE_FAMILY = 1;
			};
			name = Release;
		};
/* End XCBuildConfiguration section */

/* Begin XCConfigurationList section */
		8E0F521E29A653E20008D6DE /* Build configuration list for PBXProject "weatherApp" */ = {
			isa = XCConfigurationList;
			buildConfigurations = (
				8E0F523529A653E30008D6DE /* Debug */,
				8E0F523629A653E30008D6DE /* Release */,
			);
			defaultConfigurationIsVisible = 0;
			defaultConfigurationName = Release;
		};
		8E0F523729A653E30008D6DE /* Build configuration list for PBXNativeTarget "weatherApp" */ = {
			isa = XCConfigurationList;
			buildConfigurations = (
				8E0F523829A653E30008D6DE /* Debug */,
				8E0F523929A653E30008D6DE /* Release */,
			);
			defaultConfigurationIsVisible = 0;
			defaultConfigurationName = Release;
		};
/* End XCConfigurationList section */
	};
	rootObject = 8E0F521B29A653E20008D6DE /* Project object */;
}
